
Microsoft Visual Studio Solution File, Format Version 12.00
# Visual Studio Version 17
VisualStudioVersion = 17.3.32922.545
MinimumVisualStudioVersion = 10.0.40219.1
Project("{FAE04EC0-301F-11D3-BF4B-00C04F79EFBC}") = "GameManagementSystem", "GameManagementSystem\GameManagementSystem.csproj", "{5C6086A6-A165-47A2-BB8C-71BD89C98281}"
EndProject
Global
	GlobalSection(SolutionConfigurationPlatforms) = preSolution
		Debug|Any CPU = Debug|Any CPU
		Release|Any CPU = Release|Any CPU
	EndGlobalSection
	GlobalSection(ProjectConfigurationPlatforms) = postSolution
		{5C6086A6-A165-47A2-BB8C-71BD89C98281}.Debug|Any CPU.ActiveCfg = Debug|Any CPU
		{5C6086A6-A165-47A2-BB8C-71BD89C98281}.Debug|Any CPU.Build.0 = Debug|Any CPU
		{5C6086A6-A165-47A2-BB8C-71BD89C98281}.Release|Any CPU.ActiveCfg = Release|Any CPU
		{5C6086A6-A165-47A2-BB8C-71BD89C98281}.Release|Any CPU.Build.0 = Release|Any CPU
	EndGlobalSection
	GlobalSection(SolutionProperties) = preSolution
		HideSolutionNode = FALSE
	EndGlobalSection
	GlobalSection(ExtensibilityGlobals) = postSolution
		SolutionGuid = {BD2F7530-FB41-4957-9142-A952E1B43FFB}
	EndGlobalSection
EndGlobal
